{
  "name": "actsandbox",
  "version": "1.0.0",
  "lockfileVersion": 1,
  "requires": true,
  "dependencies": {
    "gitbook-plugin-highlight": {
      "version": "2.0.3",
      "resolved": "https://registry.npmjs.org/gitbook-plugin-highlight/-/gitbook-plugin-highlight-2.0.3.tgz",
      "integrity": "sha1-ia9mqUwWj16t3j52dKgpW3fbWYc=",
      "requires": {
        "highlight.js": "9.8.0"
      }
    },
    "gitbook-plugin-lunr": {
      "version": "1.2.0",
      "resolved": "https://registry.npmjs.org/gitbook-plugin-lunr/-/gitbook-plugin-lunr-1.2.0.tgz",
      "integrity": "sha1-8+gOx2US+9t16wUkqoK43/EqUKs=",
      "requires": {
        "gitbook-plugin-search": "2.2.1",
        "html-entities": "1.2.0",
        "lunr": "0.5.12"
      }
    },
    "gitbook-plugin-search": {
      "version": "2.2.1",
      "resolved": "https://registry.npmjs.org/gitbook-plugin-search/-/gitbook-plugin-search-2.2.1.tgz",
      "integrity": "sha1-bSW1p3aZD6mP39+jfeMx944PaxM="
    },
    "gitbook-plugin-theme-hudong": {
      "version": "file:../gitbook-plugin-theme-hudong/gitbook-plugin-theme-hudong-0.0.2.tgz",
      "integrity": "sha512-miwnAe/BbvByChRPmsjdtEKYrCd9s7Au/hYAr0xcuwqUThUkUNHIRYswfo75iy+auWJ0wi3lPapCJsmWpaB6ow=="
    },
    "gitbook-plugin-toggle-chapters": {
      "version": "0.0.3",
      "resolved": "https://registry.npmjs.org/gitbook-plugin-toggle-chapters/-/gitbook-plugin-toggle-chapters-0.0.3.tgz",
      "integrity": "sha1-bl9aphubLiIcOAzfbpKDIAFez7k="
    },
    "highlight.js": {
      "version": "9.8.0",
      "resolved": "https://registry.npmjs.org/highlight.js/-/highlight.js-9.8.0.tgz",
      "integrity": "sha1-OO7vQM1F6t2+yMnlI4+3p4OjtoU="
    },
    "html-entities": {
      "version": "1.2.0",
      "resolved": "https://registry.npmjs.org/html-entities/-/html-entities-1.2.0.tgz",
      "integrity": "sha1-QZSMr4XOgv7Tbk5qDtNxpmZDeeI="
    },
    "lunr": {
      "version": "0.5.12",
      "resolved": "https://registry.npmjs.org/lunr/-/lunr-0.5.12.tgz",
      "integrity": "sha1-ova314AcvizLFpbaZ/H3eI+J4Mg="
    }
  }
}
